// !$*UTF8*$!
{
	archiveVersion = 1;
	classes = {
	};
	objectVersion = 55;
	objects = {

/* Begin PBXBuildFile section */
		BF5AE49226945568003F991D /* ConnectivityExampleApp.swift in Sources */ = {isa = PBXBuildFile; fileRef = BF5AE49126945568003F991D /* ConnectivityExampleApp.swift */; };
		BF5AE49426945568003F991D /* ContentView.swift in Sources */ = {isa = PBXBuildFile; fileRef = BF5AE49326945568003F991D /* ContentView.swift */; };
		BF5AE49626945569003F991D /* Assets.xcassets in Resources */ = {isa = PBXBuildFile; fileRef = BF5AE49526945569003F991D /* Assets.xcassets */; };
		BF5AE49926945569003F991D /* Preview Assets.xcassets in Resources */ = {isa = PBXBuildFile; fileRef = BF5AE49826945569003F991D /* Preview Assets.xcassets */; };
		BF5AE49D26945569003F991D /* ConnectivityExample WatchKit App.app in Embed Watch Content */ = {isa = PBXBuildFile; fileRef = BF5AE49C26945569003F991D /* ConnectivityExample WatchKit App.app */; settings = {ATTRIBUTES = (RemoveHeadersOnCopy, ); }; };
		BF5AE4A226945569003F991D /* Assets.xcassets in Resources */ = {isa = PBXBuildFile; fileRef = BF5AE4A126945569003F991D /* Assets.xcassets */; };
		BF5AE4A826945569003F991D /* ConnectivityExample WatchKit Extension.appex in Embed App Extensions */ = {isa = PBXBuildFile; fileRef = BF5AE4A726945569003F991D /* ConnectivityExample WatchKit Extension.appex */; settings = {ATTRIBUTES = (RemoveHeadersOnCopy, ); }; };
		BF5AE4AD26945569003F991D /* ContentView.swift in Sources */ = {isa = PBXBuildFile; fileRef = BF5AE4AC26945569003F991D /* ContentView.swift */; };
		BF5AE4AF26945569003F991D /* ConnectivityExampleApp.swift in Sources */ = {isa = PBXBuildFile; fileRef = BF5AE4AE26945569003F991D /* ConnectivityExampleApp.swift */; };
		BF5AE4B126945569003F991D /* ComplicationController.swift in Sources */ = {isa = PBXBuildFile; fileRef = BF5AE4B026945569003F991D /* ComplicationController.swift */; };
		BF5AE4B326945569003F991D /* Assets.xcassets in Resources */ = {isa = PBXBuildFile; fileRef = BF5AE4B226945569003F991D /* Assets.xcassets */; };
		BF5AE4B626945569003F991D /* Preview Assets.xcassets in Resources */ = {isa = PBXBuildFile; fileRef = BF5AE4B526945569003F991D /* Preview Assets.xcassets */; };
		BF5AE4C6269457C5003F991D /* ConnectivityRequestHandler.swift in Sources */ = {isa = PBXBuildFile; fileRef = BF5AE4C5269457C5003F991D /* ConnectivityRequestHandler.swift */; };
		BF5AE4C8269460C3003F991D /* PhoneMessaging.swift in Sources */ = {isa = PBXBuildFile; fileRef = BF5AE4C7269460C3003F991D /* PhoneMessaging.swift */; };
/* End PBXBuildFile section */

/* Begin PBXContainerItemProxy section */
		BF5AE49E26945569003F991D /* PBXContainerItemProxy */ = {
			isa = PBXContainerItemProxy;
			containerPortal = BF5AE48626945567003F991D /* Project object */;
			proxyType = 1;
			remoteGlobalIDString = BF5AE49B26945569003F991D;
			remoteInfo = "ConnectivityExample WatchKit App";
		};
		BF5AE4A926945569003F991D /* PBXContainerItemProxy */ = {
			isa = PBXContainerItemProxy;
			containerPortal = BF5AE48626945567003F991D /* Project object */;
			proxyType = 1;
			remoteGlobalIDString = BF5AE4A626945569003F991D;
			remoteInfo = "ConnectivityExample WatchKit Extension";
		};
/* End PBXContainerItemProxy section */

/* Begin PBXCopyFilesBuildPhase section */
		BF5AE4BD26945569003F991D /* Embed App Extensions */ = {
			isa = PBXCopyFilesBuildPhase;
			buildActionMask = 2147483647;
			dstPath = "";
			dstSubfolderSpec = 13;
			files = (
				BF5AE4A826945569003F991D /* ConnectivityExample WatchKit Extension.appex in Embed App Extensions */,
			);
			name = "Embed App Extensions";
			runOnlyForDeploymentPostprocessing = 0;
		};
		BF5AE4C126945569003F991D /* Embed Watch Content */ = {
			isa = PBXCopyFilesBuildPhase;
			buildActionMask = 2147483647;
			dstPath = "$(CONTENTS_FOLDER_PATH)/Watch";
			dstSubfolderSpec = 16;
			files = (
				BF5AE49D26945569003F991D /* ConnectivityExample WatchKit App.app in Embed Watch Content */,
			);
			name = "Embed Watch Content";
			runOnlyForDeploymentPostprocessing = 0;
		};
/* End PBXCopyFilesBuildPhase section */

/* Begin PBXFileReference section */
		BF5AE48E26945568003F991D /* ConnectivityExample.app */ = {isa = PBXFileReference; explicitFileType = wrapper.application; includeInIndex = 0; path = ConnectivityExample.app; sourceTree = BUILT_PRODUCTS_DIR; };
		BF5AE49126945568003F991D /* ConnectivityExampleApp.swift */ = {isa = PBXFileReference; lastKnownFileType = sourcecode.swift; path = ConnectivityExampleApp.swift; sourceTree = "<group>"; };
		BF5AE49326945568003F991D /* ContentView.swift */ = {isa = PBXFileReference; lastKnownFileType = sourcecode.swift; path = ContentView.swift; sourceTree = "<group>"; };
		BF5AE49526945569003F991D /* Assets.xcassets */ = {isa = PBXFileReference; lastKnownFileType = folder.assetcatalog; path = Assets.xcassets; sourceTree = "<group>"; };
		BF5AE49826945569003F991D /* Preview Assets.xcassets */ = {isa = PBXFileReference; lastKnownFileType = folder.assetcatalog; path = "Preview Assets.xcassets"; sourceTree = "<group>"; };
		BF5AE49C26945569003F991D /* ConnectivityExample WatchKit App.app */ = {isa = PBXFileReference; explicitFileType = wrapper.application; includeInIndex = 0; path = "ConnectivityExample WatchKit App.app"; sourceTree = BUILT_PRODUCTS_DIR; };
		BF5AE4A126945569003F991D /* Assets.xcassets */ = {isa = PBXFileReference; lastKnownFileType = folder.assetcatalog; path = Assets.xcassets; sourceTree = "<group>"; };
		BF5AE4A726945569003F991D /* ConnectivityExample WatchKit Extension.appex */ = {isa = PBXFileReference; explicitFileType = "wrapper.app-extension"; includeInIndex = 0; path = "ConnectivityExample WatchKit Extension.appex"; sourceTree = BUILT_PRODUCTS_DIR; };
		BF5AE4AC26945569003F991D /* ContentView.swift */ = {isa = PBXFileReference; lastKnownFileType = sourcecode.swift; path = ContentView.swift; sourceTree = "<group>"; };
		BF5AE4AE26945569003F991D /* ConnectivityExampleApp.swift */ = {isa = PBXFileReference; lastKnownFileType = sourcecode.swift; path = ConnectivityExampleApp.swift; sourceTree = "<group>"; };
		BF5AE4B026945569003F991D /* ComplicationController.swift */ = {isa = PBXFileReference; lastKnownFileType = sourcecode.swift; path = ComplicationController.swift; sourceTree = "<group>"; };
		BF5AE4B226945569003F991D /* Assets.xcassets */ = {isa = PBXFileReference; lastKnownFileType = folder.assetcatalog; path = Assets.xcassets; sourceTree = "<group>"; };
		BF5AE4B526945569003F991D /* Preview Assets.xcassets */ = {isa = PBXFileReference; lastKnownFileType = folder.assetcatalog; path = "Preview Assets.xcassets"; sourceTree = "<group>"; };
		BF5AE4B726945569003F991D /* Info.plist */ = {isa = PBXFileReference; lastKnownFileType = text.plist.xml; path = Info.plist; sourceTree = "<group>"; };
		BF5AE4C5269457C5003F991D /* ConnectivityRequestHandler.swift */ = {isa = PBXFileReference; lastKnownFileType = sourcecode.swift; path = ConnectivityRequestHandler.swift; sourceTree = "<group>"; };
		BF5AE4C7269460C3003F991D /* PhoneMessaging.swift */ = {isa = PBXFileReference; lastKnownFileType = sourcecode.swift; path = PhoneMessaging.swift; sourceTree = "<group>"; };
/* End PBXFileReference section */

/* Begin PBXFrameworksBuildPhase section */
		BF5AE48B26945568003F991D /* Frameworks */ = {
			isa = PBXFrameworksBuildPhase;
			buildActionMask = 2147483647;
			files = (
			);
			runOnlyForDeploymentPostprocessing = 0;
		};
		BF5AE4A426945569003F991D /* Frameworks */ = {
			isa = PBXFrameworksBuildPhase;
			buildActionMask = 2147483647;
			files = (
			);
			runOnlyForDeploymentPostprocessing = 0;
		};
/* End PBXFrameworksBuildPhase section */

/* Begin PBXGroup section */
		BF5AE48526945567003F991D = {
			isa = PBXGroup;
			children = (
				BF5AE49026945568003F991D /* ConnectivityExample */,
				BF5AE4A026945569003F991D /* ConnectivityExample WatchKit App */,
				BF5AE4AB26945569003F991D /* ConnectivityExample WatchKit Extension */,
				BF5AE48F26945568003F991D /* Products */,
			);
			sourceTree = "<group>";
		};
		BF5AE48F26945568003F991D /* Products */ = {
			isa = PBXGroup;
			children = (
				BF5AE48E26945568003F991D /* ConnectivityExample.app */,
				BF5AE49C26945569003F991D /* ConnectivityExample WatchKit App.app */,
				BF5AE4A726945569003F991D /* ConnectivityExample WatchKit Extension.appex */,
			);
			name = Products;
			sourceTree = "<group>";
		};
		BF5AE49026945568003F991D /* ConnectivityExample */ = {
			isa = PBXGroup;
			children = (
				BF5AE49126945568003F991D /* ConnectivityExampleApp.swift */,
				BF5AE49326945568003F991D /* ContentView.swift */,
				BF5AE49526945569003F991D /* Assets.xcassets */,
				BF5AE49726945569003F991D /* Preview Content */,
				BF5AE4C5269457C5003F991D /* ConnectivityRequestHandler.swift */,
			);
			path = ConnectivityExample;
			sourceTree = "<group>";
		};
		BF5AE49726945569003F991D /* Preview Content */ = {
			isa = PBXGroup;
			children = (
				BF5AE49826945569003F991D /* Preview Assets.xcassets */,
			);
			path = "Preview Content";
			sourceTree = "<group>";
		};
		BF5AE4A026945569003F991D /* ConnectivityExample WatchKit App */ = {
			isa = PBXGroup;
			children = (
				BF5AE4A126945569003F991D /* Assets.xcassets */,
			);
			path = "ConnectivityExample WatchKit App";
			sourceTree = "<group>";
		};
		BF5AE4AB26945569003F991D /* ConnectivityExample WatchKit Extension */ = {
			isa = PBXGroup;
			children = (
				BF5AE4AC26945569003F991D /* ContentView.swift */,
				BF5AE4AE26945569003F991D /* ConnectivityExampleApp.swift */,
				BF5AE4B026945569003F991D /* ComplicationController.swift */,
				BF5AE4C7269460C3003F991D /* PhoneMessaging.swift */,
				BF5AE4B226945569003F991D /* Assets.xcassets */,
				BF5AE4B726945569003F991D /* Info.plist */,
				BF5AE4B426945569003F991D /* Preview Content */,
			);
			path = "ConnectivityExample WatchKit Extension";
			sourceTree = "<group>";
		};
		BF5AE4B426945569003F991D /* Preview Content */ = {
			isa = PBXGroup;
			children = (
				BF5AE4B526945569003F991D /* Preview Assets.xcassets */,
			);
			path = "Preview Content";
			sourceTree = "<group>";
		};
/* End PBXGroup section */

/* Begin PBXNativeTarget section */
		BF5AE48D26945568003F991D /* ConnectivityExample */ = {
			isa = PBXNativeTarget;
			buildConfigurationList = BF5AE4C226945569003F991D /* Build configuration list for PBXNativeTarget "ConnectivityExample" */;
			buildPhases = (
				BF5AE48A26945568003F991D /* Sources */,
				BF5AE48B26945568003F991D /* Frameworks */,
				BF5AE48C26945568003F991D /* Resources */,
				BF5AE4C126945569003F991D /* Embed Watch Content */,
			);
			buildRules = (
			);
			dependencies = (
				BF5AE49F26945569003F991D /* PBXTargetDependency */,
			);
			name = ConnectivityExample;
			productName = ConnectivityExample;
			productReference = BF5AE48E26945568003F991D /* ConnectivityExample.app */;
			productType = "com.apple.product-type.application";
		};
		BF5AE49B26945569003F991D /* ConnectivityExample WatchKit App */ = {
			isa = PBXNativeTarget;
			buildConfigurationList = BF5AE4BE26945569003F991D /* Build configuration list for PBXNativeTarget "ConnectivityExample WatchKit App" */;
			buildPhases = (
				BF5AE49A26945569003F991D /* Resources */,
				BF5AE4BD26945569003F991D /* Embed App Extensions */,
			);
			buildRules = (
			);
			dependencies = (
				BF5AE4AA26945569003F991D /* PBXTargetDependency */,
			);
			name = "ConnectivityExample WatchKit App";
			productName = "ConnectivityExample WatchKit App";
			productReference = BF5AE49C26945569003F991D /* ConnectivityExample WatchKit App.app */;
			productType = "com.apple.product-type.application.watchapp2";
		};
		BF5AE4A626945569003F991D /* ConnectivityExample WatchKit Extension */ = {
			isa = PBXNativeTarget;
			buildConfigurationList = BF5AE4BA26945569003F991D /* Build configuration list for PBXNativeTarget "ConnectivityExample WatchKit Extension" */;
			buildPhases = (
				BF5AE4A326945569003F991D /* Sources */,
				BF5AE4A426945569003F991D /* Frameworks */,
				BF5AE4A526945569003F991D /* Resources */,
			);
			buildRules = (
			);
			dependencies = (
			);
			name = "ConnectivityExample WatchKit Extension";
			productName = "ConnectivityExample WatchKit Extension";
			productReference = BF5AE4A726945569003F991D /* ConnectivityExample WatchKit Extension.appex */;
			productType = "com.apple.product-type.watchkit2-extension";
		};
/* End PBXNativeTarget section */

/* Begin PBXProject section */
		BF5AE48626945567003F991D /* Project object */ = {
			isa = PBXProject;
			attributes = {
				BuildIndependentTargetsInParallel = 1;
				LastSwiftUpdateCheck = 1300;
				LastUpgradeCheck = 1300;
				TargetAttributes = {
					BF5AE48D26945568003F991D = {
						CreatedOnToolsVersion = 13.0;
					};
					BF5AE49B26945569003F991D = {
						CreatedOnToolsVersion = 13.0;
					};
					BF5AE4A626945569003F991D = {
						CreatedOnToolsVersion = 13.0;
					};
				};
			};
			buildConfigurationList = BF5AE48926945567003F991D /* Build configuration list for PBXProject "ConnectivityExample" */;
			compatibilityVersion = "Xcode 13.0";
			developmentRegion = en;
			hasScannedForEncodings = 0;
			knownRegions = (
				en,
				Base,
			);
			mainGroup = BF5AE48526945567003F991D;
			productRefGroup = BF5AE48F26945568003F991D /* Products */;
			projectDirPath = "";
			projectRoot = "";
			targets = (
				BF5AE48D26945568003F991D /* ConnectivityExample */,
				BF5AE49B26945569003F991D /* ConnectivityExample WatchKit App */,
				BF5AE4A626945569003F991D /* ConnectivityExample WatchKit Extension */,
			);
		};
/* End PBXProject section */

/* Begin PBXResourcesBuildPhase section */
		BF5AE48C26945568003F991D /* Resources */ = {
			isa = PBXResourcesBuildPhase;
			buildActionMask = 2147483647;
			files = (
				BF5AE49926945569003F991D /* Preview Assets.xcassets in Resources */,
				BF5AE49626945569003F991D /* Assets.xcassets in Resources */,
			);
			runOnlyForDeploymentPostprocessing = 0;
		};
		BF5AE49A26945569003F991D /* Resources */ = {
			isa = PBXResourcesBuildPhase;
			buildActionMask = 2147483647;
			files = (
				BF5AE4A226945569003F991D /* Assets.xcassets in Resources */,
			);
			runOnlyForDeploymentPostprocessing = 0;
		};
		BF5AE4A526945569003F991D /* Resources */ = {
			isa = PBXResourcesBuildPhase;
			buildActionMask = 2147483647;
			files = (
				BF5AE4B626945569003F991D /* Preview Assets.xcassets in Resources */,
				BF5AE4B326945569003F991D /* Assets.xcassets in Resources */,
			);
			runOnlyForDeploymentPostprocessing = 0;
		};
/* End PBXResourcesBuildPhase section */

/* Begin PBXSourcesBuildPhase section */
		BF5AE48A26945568003F991D /* Sources */ = {
			isa = PBXSourcesBuildPhase;
			buildActionMask = 2147483647;
			files = (
				BF5AE49426945568003F991D /* ContentView.swift in Sources */,
				BF5AE4C6269457C5003F991D /* ConnectivityRequestHandler.swift in Sources */,
				BF5AE49226945568003F991D /* ConnectivityExampleApp.swift in Sources */,
			);
			runOnlyForDeploymentPostprocessing = 0;
		};
		BF5AE4A326945569003F991D /* Sources */ = {
			isa = PBXSourcesBuildPhase;
			buildActionMask = 2147483647;
			files = (
				BF5AE4C8269460C3003F991D /* PhoneMessaging.swift in Sources */,
				BF5AE4AD26945569003F991D /* ContentView.swift in Sources */,
				BF5AE4AF26945569003F991D /* ConnectivityExampleApp.swift in Sources */,
				BF5AE4B126945569003F991D /* ComplicationController.swift in Sources */,
			);
			runOnlyForDeploymentPostprocessing = 0;
		};
/* End PBXSourcesBuildPhase section */

/* Begin PBXTargetDependency section */
		BF5AE49F26945569003F991D /* PBXTargetDependency */ = {
			isa = PBXTargetDependency;
			target = BF5AE49B26945569003F991D /* ConnectivityExample WatchKit App */;
			targetProxy = BF5AE49E26945569003F991D /* PBXContainerItemProxy */;
		};
		BF5AE4AA26945569003F991D /* PBXTargetDependency */ = {
			isa = PBXTargetDependency;
			target = BF5AE4A626945569003F991D /* ConnectivityExample WatchKit Extension */;
			targetProxy = BF5AE4A926945569003F991D /* PBXContainerItemProxy */;
		};
/* End PBXTargetDependency section */

/* Begin XCBuildConfiguration section */
		BF5AE4B826945569003F991D /* Debug */ = {
			isa = XCBuildConfiguration;
			buildSettings = {
				ALWAYS_SEARCH_USER_PATHS = NO;
				CLANG_ANALYZER_NONNULL = YES;
				CLANG_ANALYZER_NUMBER_OBJECT_CONVERSION = YES_AGGRESSIVE;
				CLANG_CXX_LANGUAGE_STANDARD = "gnu++14";
				CLANG_CXX_LIBRARY = "libc++";
				CLANG_ENABLE_MODULES = YES;
				CLANG_ENABLE_OBJC_ARC = YES;
				CLANG_ENABLE_OBJC_WEAK = YES;
				CLANG_WARN_BLOCK_CAPTURE_AUTORELEASING = YES;
				CLANG_WARN_BOOL_CONVERSION = YES;
				CLANG_WARN_COMMA = YES;
				CLANG_WARN_CONSTANT_CONVERSION = YES;
				CLANG_WARN_DEPRECATED_OBJC_IMPLEMENTATIONS = YES;
				CLANG_WARN_DIRECT_OBJC_ISA_USAGE = YES_ERROR;
				CLANG_WARN_DOCUMENTATION_COMMENTS = YES;
				CLANG_WARN_EMPTY_BODY = YES;
				CLANG_WARN_ENUM_CONVERSION = YES;
				CLANG_WARN_INFINITE_RECURSION = YES;
				CLANG_WARN_INT_CONVERSION = YES;
				CLANG_WARN_NON_LITERAL_NULL_CONVERSION = YES;
				CLANG_WARN_OBJC_IMPLICIT_RETAIN_SELF = YES;
				CLANG_WARN_OBJC_LITERAL_CONVERSION = YES;
				CLANG_WARN_OBJC_ROOT_CLASS = YES_ERROR;
				CLANG_WARN_QUOTED_INCLUDE_IN_FRAMEWORK_HEADER = YES;
				CLANG_WARN_RANGE_LOOP_ANALYSIS = YES;
				CLANG_WARN_STRICT_PROTOTYPES = YES;
				CLANG_WARN_SUSPICIOUS_MOVE = YES;
				CLANG_WARN_UNGUARDED_AVAILABILITY = YES_AGGRESSIVE;
				CLANG_WARN_UNREACHABLE_CODE = YES;
				CLANG_WARN__DUPLICATE_METHOD_MATCH = YES;
				COPY_PHASE_STRIP = NO;
				DEBUG_INFORMATION_FORMAT = dwarf;
				ENABLE_STRICT_OBJC_MSGSEND = YES;
				ENABLE_TESTABILITY = YES;
				GCC_C_LANGUAGE_STANDARD = gnu11;
				GCC_DYNAMIC_NO_PIC = NO;
				GCC_NO_COMMON_BLOCKS = YES;
				GCC_OPTIMIZATION_LEVEL = 0;
				GCC_PREPROCESSOR_DEFINITIONS = (
					"DEBUG=1",
					"$(inherited)",
				);
				GCC_WARN_64_TO_32_BIT_CONVERSION = YES;
				GCC_WARN_ABOUT_RETURN_TYPE = YES_ERROR;
				GCC_WARN_UNDECLARED_SELECTOR = YES;
				GCC_WARN_UNINITIALIZED_AUTOS = YES_AGGRESSIVE;
				GCC_WARN_UNUSED_FUNCTION = YES;
				GCC_WARN_UNUSED_VARIABLE = YES;
				IPHONEOS_DEPLOYMENT_TARGET = 14.5;
				MTL_ENABLE_DEBUG_INFO = INCLUDE_SOURCE;
				MTL_FAST_MATH = YES;
				ONLY_ACTIVE_ARCH = YES;
				SWIFT_ACTIVE_COMPILATION_CONDITIONS = DEBUG;
				SWIFT_OPTIMIZATION_LEVEL = "-Onone";
			};
			name = Debug;
		};
		BF5AE4B926945569003F991D /* Release */ = {
			isa = XCBuildConfiguration;
			buildSettings = {
				ALWAYS_SEARCH_USER_PATHS = NO;
				CLANG_ANALYZER_NONNULL = YES;
				CLANG_ANALYZER_NUMBER_OBJECT_CONVERSION = YES_AGGRESSIVE;
				CLANG_CXX_LANGUAGE_STANDARD = "gnu++14";
				CLANG_CXX_LIBRARY = "libc++";
				CLANG_ENABLE_MODULES = YES;
				CLANG_ENABLE_OBJC_ARC = YES;
				CLANG_ENABLE_OBJC_WEAK = YES;
				CLANG_WARN_BLOCK_CAPTURE_AUTORELEASING = YES;
				CLANG_WARN_BOOL_CONVERSION = YES;
				CLANG_WARN_COMMA = YES;
				CLANG_WARN_CONSTANT_CONVERSION = YES;
				CLANG_WARN_DEPRECATED_OBJC_IMPLEMENTATIONS = YES;
				CLANG_WARN_DIRECT_OBJC_ISA_USAGE = YES_ERROR;
				CLANG_WARN_DOCUMENTATION_COMMENTS = YES;
				CLANG_WARN_EMPTY_BODY = YES;
				CLANG_WARN_ENUM_CONVERSION = YES;
				CLANG_WARN_INFINITE_RECURSION = YES;
				CLANG_WARN_INT_CONVERSION = YES;
				CLANG_WARN_NON_LITERAL_NULL_CONVERSION = YES;
				CLANG_WARN_OBJC_IMPLICIT_RETAIN_SELF = YES;
				CLANG_WARN_OBJC_LITERAL_CONVERSION = YES;
				CLANG_WARN_OBJC_ROOT_CLASS = YES_ERROR;
				CLANG_WARN_QUOTED_INCLUDE_IN_FRAMEWORK_HEADER = YES;
				CLANG_WARN_RANGE_LOOP_ANALYSIS = YES;
				CLANG_WARN_STRICT_PROTOTYPES = YES;
				CLANG_WARN_SUSPICIOUS_MOVE = YES;
				CLANG_WARN_UNGUARDED_AVAILABILITY = YES_AGGRESSIVE;
				CLANG_WARN_UNREACHABLE_CODE = YES;
				CLANG_WARN__DUPLICATE_METHOD_MATCH = YES;
				COPY_PHASE_STRIP = NO;
				DEBUG_INFORMATION_FORMAT = "dwarf-with-dsym";
				ENABLE_NS_ASSERTIONS = NO;
				ENABLE_STRICT_OBJC_MSGSEND = YES;
				GCC_C_LANGUAGE_STANDARD = gnu11;
				GCC_NO_COMMON_BLOCKS = YES;
				GCC_WARN_64_TO_32_BIT_CONVERSION = YES;
				GCC_WARN_ABOUT_RETURN_TYPE = YES_ERROR;
				GCC_WARN_UNDECLARED_SELECTOR = YES;
				GCC_WARN_UNINITIALIZED_AUTOS = YES_AGGRESSIVE;
				GCC_WARN_UNUSED_FUNCTION = YES;
				GCC_WARN_UNUSED_VARIABLE = YES;
				IPHONEOS_DEPLOYMENT_TARGET = 14.5;
				MTL_ENABLE_DEBUG_INFO = NO;
				MTL_FAST_MATH = YES;
				SWIFT_COMPILATION_MODE = wholemodule;
				SWIFT_OPTIMIZATION_LEVEL = "-O";
			};
			name = Release;
		};
		BF5AE4BB26945569003F991D /* Debug */ = {
			isa = XCBuildConfiguration;
			buildSettings = {
				ASSETCATALOG_COMPILER_COMPLICATION_NAME = Complication;
				CODE_SIGN_STYLE = Automatic;
				CURRENT_PROJECT_VERSION = 1;
				DEVELOPMENT_ASSET_PATHS = "\"ConnectivityExample WatchKit Extension/Preview Content\"";
				DEVELOPMENT_TEAM = "";
				ENABLE_PREVIEWS = YES;
				GENERATE_INFOPLIST_FILE = YES;
				INFOPLIST_FILE = "ConnectivityExample WatchKit Extension/Info.plist";
				INFOPLIST_KEY_CFBundleDisplayName = "ConnectivityExample WatchKit Extension";
				INFOPLIST_KEY_CFBundleExecutable = "ConnectivityExample WatchKit Extension";
				INFOPLIST_KEY_CFBundleName = "ConnectivityExample WatchKit Extension";
				INFOPLIST_KEY_CFBundleVersion = 1;
				INFOPLIST_KEY_CLKComplicationPrincipalClass = ConnectivityExample_WatchKit_Extension.ComplicationController;
				INFOPLIST_KEY_NSHumanReadableCopyright = "";
				INFOPLIST_KEY_WKRunsIndependentlyOfCompanionApp = NO;
				LD_RUNPATH_SEARCH_PATHS = (
					"$(inherited)",
					"@executable_path/Frameworks",
					"@executable_path/../../Frameworks",
				);
				MARKETING_VERSION = 1.0;
				PRODUCT_BUNDLE_IDENTIFIER = com.example.ConnectivityExample.watchkitapp.watchkitextension;
				PRODUCT_NAME = "${TARGET_NAME}";
				SDKROOT = watchos;
				SKIP_INSTALL = YES;
				SWIFT_EMIT_LOC_STRINGS = YES;
				SWIFT_VERSION = 5.0;
				TARGETED_DEVICE_FAMILY = 4;
				WATCHOS_DEPLOYMENT_TARGET = 7.1;
			};
			name = Debug;
		};
		BF5AE4BC26945569003F991D /* Release */ = {
			isa = XCBuildConfiguration;
			buildSettings = {
				ASSETCATALOG_COMPILER_COMPLICATION_NAME = Complication;
				CODE_SIGN_STYLE = Automatic;
				CURRENT_PROJECT_VERSION = 1;
				DEVELOPMENT_ASSET_PATHS = "\"ConnectivityExample WatchKit Extension/Preview Content\"";
				DEVELOPMENT_TEAM = "";
				ENABLE_PREVIEWS = YES;
				GENERATE_INFOPLIST_FILE = YES;
				INFOPLIST_FILE = "ConnectivityExample WatchKit Extension/Info.plist";
				INFOPLIST_KEY_CFBundleDisplayName = "ConnectivityExample WatchKit Extension";
				INFOPLIST_KEY_CFBundleExecutable = "ConnectivityExample WatchKit Extension";
				INFOPLIST_KEY_CFBundleName = "ConnectivityExample WatchKit Extension";
				INFOPLIST_KEY_CFBundleVersion = 1;
				INFOPLIST_KEY_CLKComplicationPrincipalClass = ConnectivityExample_WatchKit_Extension.ComplicationController;
				INFOPLIST_KEY_NSHumanReadableCopyright = "";
				INFOPLIST_KEY_WKRunsIndependentlyOfCompanionApp = NO;
				LD_RUNPATH_SEARCH_PATHS = (
					"$(inherited)",
					"@executable_path/Frameworks",
					"@executable_path/../../Frameworks",
				);
				MARKETING_VERSION = 1.0;
				PRODUCT_BUNDLE_IDENTIFIER = com.example.ConnectivityExample.watchkitapp.watchkitextension;
				PRODUCT_NAME = "${TARGET_NAME}";
				SDKROOT = watchos;
				SKIP_INSTALL = YES;
				SWIFT_EMIT_LOC_STRINGS = YES;
				SWIFT_VERSION = 5.0;
				TARGETED_DEVICE_FAMILY = 4;
				VALIDATE_PRODUCT = YES;
				WATCHOS_DEPLOYMENT_TARGET = 7.1;
			};
			name = Release;
		};
		BF5AE4BF26945569003F991D /* Debug */ = {
			isa = XCBuildConfiguration;
			buildSettings = {
				ALWAYS_EMBED_SWIFT_STANDARD_LIBRARIES = YES;
				ASSETCATALOG_COMPILER_APPICON_NAME = AppIcon;
				ASSETCATALOG_COMPILER_GLOBAL_ACCENT_COLOR_NAME = AccentColor;
				CODE_SIGN_STYLE = Automatic;
				CURRENT_PROJECT_VERSION = 1;
				DEVELOPMENT_TEAM = "";
				GENERATE_INFOPLIST_FILE = YES;
				IBSC_MODULE = ConnectivityExample_WatchKit_Extension;
				INFOPLIST_KEY_CFBundleDisplayName = "ConnectivityExample WatchKit App";
				INFOPLIST_KEY_UISupportedInterfaceOrientations = "UIInterfaceOrientationPortrait UIInterfaceOrientationPortraitUpsideDown";
				INFOPLIST_KEY_WKCompanionAppBundleIdentifier = com.example.ConnectivityExample;
				MARKETING_VERSION = 1.0;
				PRODUCT_BUNDLE_IDENTIFIER = com.example.ConnectivityExample.watchkitapp;
				PRODUCT_NAME = "$(TARGET_NAME)";
				SDKROOT = watchos;
				SKIP_INSTALL = YES;
				SWIFT_EMIT_LOC_STRINGS = YES;
				SWIFT_VERSION = 5.0;
				TARGETED_DEVICE_FAMILY = 4;
				WATCHOS_DEPLOYMENT_TARGET = 7.1;
			};
			name = Debug;
		};
		BF5AE4C026945569003F991D /* Release */ = {
			isa = XCBuildConfiguration;
			buildSettings = {
				ALWAYS_EMBED_SWIFT_STANDARD_LIBRARIES = YES;
				ASSETCATALOG_COMPILER_APPICON_NAME = AppIcon;
				ASSETCATALOG_COMPILER_GLOBAL_ACCENT_COLOR_NAME = AccentColor;
				CODE_SIGN_STYLE = Automatic;
				CURRENT_PROJECT_VERSION = 1;
				DEVELOPMENT_TEAM = "";
				GENERATE_INFOPLIST_FILE = YES;
				IBSC_MODULE = ConnectivityExample_WatchKit_Extension;
				INFOPLIST_KEY_CFBundleDisplayName = "ConnectivityExample WatchKit App";
				INFOPLIST_KEY_UISupportedInterfaceOrientations = "UIInterfaceOrientationPortrait UIInterfaceOrientationPortraitUpsideDown";
				INFOPLIST_KEY_WKCompanionAppBundleIdentifier = com.example.ConnectivityExample;
				MARKETING_VERSION = 1.0;
				PRODUCT_BUNDLE_IDENTIFIER = com.example.ConnectivityExample.watchkitapp;
				PRODUCT_NAME = "$(TARGET_NAME)";
				SDKROOT = watchos;
				SKIP_INSTALL = YES;
				SWIFT_EMIT_LOC_STRINGS = YES;
				SWIFT_VERSION = 5.0;
				TARGETED_DEVICE_FAMILY = 4;
				VALIDATE_PRODUCT = YES;
				WATCHOS_DEPLOYMENT_TARGET = 7.1;
			};
			name = Release;
		};
		BF5AE4C326945569003F991D /* Debug */ = {
			isa = XCBuildConfiguration;
			buildSettings = {
				ASSETCATALOG_COMPILER_APPICON_NAME = AppIcon;
				ASSETCATALOG_COMPILER_GLOBAL_ACCENT_COLOR_NAME = AccentColor;
				CODE_SIGN_STYLE = Automatic;
				CURRENT_PROJECT_VERSION = 1;
				DEVELOPMENT_ASSET_PATHS = "\"ConnectivityExample/Preview Content\"";
				DEVELOPMENT_TEAM = "";
				ENABLE_PREVIEWS = YES;
				GENERATE_INFOPLIST_FILE = YES;
				INFOPLIST_KEY_UIApplicationSceneManifest_Generation = YES;
				INFOPLIST_KEY_UIApplicationSupportsIndirectInputEvents = YES;
				INFOPLIST_KEY_UILaunchScreen_Generation = YES;
				INFOPLIST_KEY_UISupportedInterfaceOrientations_iPad = "UIInterfaceOrientationPortrait UIInterfaceOrientationPortraitUpsideDown UIInterfaceOrientationLandscapeLeft UIInterfaceOrientationLandscapeRight";
				INFOPLIST_KEY_UISupportedInterfaceOrientations_iPhone = "UIInterfaceOrientationPortrait UIInterfaceOrientationLandscapeLeft UIInterfaceOrientationLandscapeRight";
				LD_RUNPATH_SEARCH_PATHS = (
					"$(inherited)",
					"@executable_path/Frameworks",
				);
				MARKETING_VERSION = 1.0;
				PRODUCT_BUNDLE_IDENTIFIER = com.example.ConnectivityExample;
				PRODUCT_NAME = "$(TARGET_NAME)";
				SDKROOT = iphoneos;
				SWIFT_EMIT_LOC_STRINGS = YES;
				SWIFT_VERSION = 5.0;
				TARGETED_DEVICE_FAMILY = "1,2";
			};
			name = Debug;
		};
		BF5AE4C426945569003F991D /* Release */ = {
			isa = XCBuildConfiguration;
			buildSettings = {
				ASSETCATALOG_COMPILER_APPICON_NAME = AppIcon;
				ASSETCATALOG_COMPILER_GLOBAL_ACCENT_COLOR_NAME = AccentColor;
				CODE_SIGN_STYLE = Automatic;
				CURRENT_PROJECT_VERSION = 1;
				DEVELOPMENT_ASSET_PATHS = "\"ConnectivityExample/Preview Content\"";
				DEVELOPMENT_TEAM = "";
				ENABLE_PREVIEWS = YES;
				GENERATE_INFOPLIST_FILE = YES;
				INFOPLIST_KEY_UIApplicationSceneManifest_Generation = YES;
				INFOPLIST_KEY_UIApplicationSupportsIndirectInputEvents = YES;
				INFOPLIST_KEY_UILaunchScreen_Generation = YES;
				INFOPLIST_KEY_UISupportedInterfaceOrientations_iPad = "UIInterfaceOrientationPortrait UIInterfaceOrientationPortraitUpsideDown UIInterfaceOrientationLandscapeLeft UIInterfaceOrientationLandscapeRight";
				INFOPLIST_KEY_UISupportedInterfaceOrientations_iPhone = "UIInterfaceOrientationPortrait UIInterfaceOrientationLandscapeLeft UIInterfaceOrientationLandscapeRight";
				LD_RUNPATH_SEARCH_PATHS = (
					"$(inherited)",
					"@executable_path/Frameworks",
				);
				MARKETING_VERSION = 1.0;
				PRODUCT_BUNDLE_IDENTIFIER = com.example.ConnectivityExample;
				PRODUCT_NAME = "$(TARGET_NAME)";
				SDKROOT = iphoneos;
				SWIFT_EMIT_LOC_STRINGS = YES;
				SWIFT_VERSION = 5.0;
				TARGETED_DEVICE_FAMILY = "1,2";
				VALIDATE_PRODUCT = YES;
			};
			name = Release;
		};
/* End XCBuildConfiguration section */

/* Begin XCConfigurationList section */
		BF5AE48926945567003F991D /* Build configuration list for PBXProject "ConnectivityExample" */ = {
			isa = XCConfigurationList;
			buildConfigurations = (
				BF5AE4B826945569003F991D /* Debug */,
				BF5AE4B926945569003F991D /* Release */,
			);
			defaultConfigurationIsVisible = 0;
			defaultConfigurationName = Release;
		};
		BF5AE4BA26945569003F991D /* Build configuration list for PBXNativeTarget "ConnectivityExample WatchKit Extension" */ = {
			isa = XCConfigurationList;
			buildConfigurations = (
				BF5AE4BB26945569003F991D /* Debug */,
				BF5AE4BC26945569003F991D /* Release */,
			);
			defaultConfigurationIsVisible = 0;
			defaultConfigurationName = Release;
		};
		BF5AE4BE26945569003F991D /* Build configuration list for PBXNativeTarget "ConnectivityExample WatchKit App" */ = {
			isa = XCConfigurationList;
			buildConfigurations = (
				BF5AE4BF26945569003F991D /* Debug */,
				BF5AE4C026945569003F991D /* Release */,
			);
			defaultConfigurationIsVisible = 0;
			defaultConfigurationName = Release;
		};
		BF5AE4C226945569003F991D /* Build configuration list for PBXNativeTarget "ConnectivityExample" */ = {
			isa = XCConfigurationList;
			buildConfigurations = (
				BF5AE4C326945569003F991D /* Debug */,
				BF5AE4C426945569003F991D /* Release */,
			);
			defaultConfigurationIsVisible = 0;
			defaultConfigurationName = Release;
		};
/* End XCConfigurationList section */
	};
	rootObject = BF5AE48626945567003F991D /* Project object */;
}
