// !$*UTF8*$!
{
	archiveVersion = 1;
	classes = {
	};
	objectVersion = 50;
	objects = {

/* Begin PBXBuildFile section */
		BFB2C30322F6DD63004E8493 /* AppDelegate.swift in Sources */ = {isa = PBXBuildFile; fileRef = BFB2C30222F6DD63004E8493 /* AppDelegate.swift */; };
		BFB2C30522F6DD63004E8493 /* MessagesViewController.swift in Sources */ = {isa = PBXBuildFile; fileRef = BFB2C30422F6DD63004E8493 /* MessagesViewController.swift */; };
		BFB2C30822F6DD63004E8493 /* Main.storyboard in Resources */ = {isa = PBXBuildFile; fileRef = BFB2C30622F6DD63004E8493 /* Main.storyboard */; };
		BFB2C30A22F6DD64004E8493 /* Assets.xcassets in Resources */ = {isa = PBXBuildFile; fileRef = BFB2C30922F6DD64004E8493 /* Assets.xcassets */; };
		BFB2C30D22F6DD64004E8493 /* LaunchScreen.storyboard in Resources */ = {isa = PBXBuildFile; fileRef = BFB2C30B22F6DD64004E8493 /* LaunchScreen.storyboard */; };
		BFB2C31222F6DD64004E8493 /* ConnectivityExample WatchKit App.app in Embed Watch Content */ = {isa = PBXBuildFile; fileRef = BFB2C31122F6DD64004E8493 /* ConnectivityExample WatchKit App.app */; };
		BFB2C31822F6DD64004E8493 /* Interface.storyboard in Resources */ = {isa = PBXBuildFile; fileRef = BFB2C31622F6DD64004E8493 /* Interface.storyboard */; };
		BFB2C31A22F6DD65004E8493 /* Assets.xcassets in Resources */ = {isa = PBXBuildFile; fileRef = BFB2C31922F6DD65004E8493 /* Assets.xcassets */; };
		BFB2C32122F6DD65004E8493 /* ConnectivityExample WatchKit Extension.appex in Embed App Extensions */ = {isa = PBXBuildFile; fileRef = BFB2C32022F6DD65004E8493 /* ConnectivityExample WatchKit Extension.appex */; settings = {ATTRIBUTES = (RemoveHeadersOnCopy, ); }; };
		BFB2C32622F6DD65004E8493 /* InterfaceController.swift in Sources */ = {isa = PBXBuildFile; fileRef = BFB2C32522F6DD65004E8493 /* InterfaceController.swift */; };
		BFB2C32822F6DD65004E8493 /* ExtensionDelegate.swift in Sources */ = {isa = PBXBuildFile; fileRef = BFB2C32722F6DD65004E8493 /* ExtensionDelegate.swift */; };
		BFB2C32A22F6DD66004E8493 /* Assets.xcassets in Resources */ = {isa = PBXBuildFile; fileRef = BFB2C32922F6DD66004E8493 /* Assets.xcassets */; };
		BFB2C33A22F6DD7C004E8493 /* ConnectivityHandler.swift in Sources */ = {isa = PBXBuildFile; fileRef = BFB2C33922F6DD7C004E8493 /* ConnectivityHandler.swift */; };
/* End PBXBuildFile section */

/* Begin PBXContainerItemProxy section */
		BFB2C31322F6DD64004E8493 /* PBXContainerItemProxy */ = {
			isa = PBXContainerItemProxy;
			containerPortal = BFB2C2F722F6DD63004E8493 /* Project object */;
			proxyType = 1;
			remoteGlobalIDString = BFB2C31022F6DD64004E8493;
			remoteInfo = "ConnectivityExample WatchKit App";
		};
		BFB2C32222F6DD65004E8493 /* PBXContainerItemProxy */ = {
			isa = PBXContainerItemProxy;
			containerPortal = BFB2C2F722F6DD63004E8493 /* Project object */;
			proxyType = 1;
			remoteGlobalIDString = BFB2C31F22F6DD65004E8493;
			remoteInfo = "ConnectivityExample WatchKit Extension";
		};
/* End PBXContainerItemProxy section */

/* Begin PBXCopyFilesBuildPhase section */
		BFB2C33122F6DD66004E8493 /* Embed App Extensions */ = {
			isa = PBXCopyFilesBuildPhase;
			buildActionMask = 2147483647;
			dstPath = "";
			dstSubfolderSpec = 13;
			files = (
				BFB2C32122F6DD65004E8493 /* ConnectivityExample WatchKit Extension.appex in Embed App Extensions */,
			);
			name = "Embed App Extensions";
			runOnlyForDeploymentPostprocessing = 0;
		};
		BFB2C33522F6DD66004E8493 /* Embed Watch Content */ = {
			isa = PBXCopyFilesBuildPhase;
			buildActionMask = 2147483647;
			dstPath = "$(CONTENTS_FOLDER_PATH)/Watch";
			dstSubfolderSpec = 16;
			files = (
				BFB2C31222F6DD64004E8493 /* ConnectivityExample WatchKit App.app in Embed Watch Content */,
			);
			name = "Embed Watch Content";
			runOnlyForDeploymentPostprocessing = 0;
		};
/* End PBXCopyFilesBuildPhase section */

/* Begin PBXFileReference section */
		BFB2C2FF22F6DD63004E8493 /* ConnectivityExample.app */ = {isa = PBXFileReference; explicitFileType = wrapper.application; includeInIndex = 0; path = ConnectivityExample.app; sourceTree = BUILT_PRODUCTS_DIR; };
		BFB2C30222F6DD63004E8493 /* AppDelegate.swift */ = {isa = PBXFileReference; lastKnownFileType = sourcecode.swift; path = AppDelegate.swift; sourceTree = "<group>"; };
		BFB2C30422F6DD63004E8493 /* MessagesViewController.swift */ = {isa = PBXFileReference; lastKnownFileType = sourcecode.swift; path = MessagesViewController.swift; sourceTree = "<group>"; };
		BFB2C30722F6DD63004E8493 /* Base */ = {isa = PBXFileReference; lastKnownFileType = file.storyboard; name = Base; path = Base.lproj/Main.storyboard; sourceTree = "<group>"; };
		BFB2C30922F6DD64004E8493 /* Assets.xcassets */ = {isa = PBXFileReference; lastKnownFileType = folder.assetcatalog; path = Assets.xcassets; sourceTree = "<group>"; };
		BFB2C30C22F6DD64004E8493 /* Base */ = {isa = PBXFileReference; lastKnownFileType = file.storyboard; name = Base; path = Base.lproj/LaunchScreen.storyboard; sourceTree = "<group>"; };
		BFB2C30E22F6DD64004E8493 /* Info.plist */ = {isa = PBXFileReference; lastKnownFileType = text.plist.xml; path = Info.plist; sourceTree = "<group>"; };
		BFB2C31122F6DD64004E8493 /* ConnectivityExample WatchKit App.app */ = {isa = PBXFileReference; explicitFileType = wrapper.application; includeInIndex = 0; path = "ConnectivityExample WatchKit App.app"; sourceTree = BUILT_PRODUCTS_DIR; };
		BFB2C31722F6DD64004E8493 /* Base */ = {isa = PBXFileReference; lastKnownFileType = file.storyboard; name = Base; path = Base.lproj/Interface.storyboard; sourceTree = "<group>"; };
		BFB2C31922F6DD65004E8493 /* Assets.xcassets */ = {isa = PBXFileReference; lastKnownFileType = folder.assetcatalog; path = Assets.xcassets; sourceTree = "<group>"; };
		BFB2C31B22F6DD65004E8493 /* Info.plist */ = {isa = PBXFileReference; lastKnownFileType = text.plist.xml; path = Info.plist; sourceTree = "<group>"; };
		BFB2C32022F6DD65004E8493 /* ConnectivityExample WatchKit Extension.appex */ = {isa = PBXFileReference; explicitFileType = "wrapper.app-extension"; includeInIndex = 0; path = "ConnectivityExample WatchKit Extension.appex"; sourceTree = BUILT_PRODUCTS_DIR; };
		BFB2C32522F6DD65004E8493 /* InterfaceController.swift */ = {isa = PBXFileReference; lastKnownFileType = sourcecode.swift; path = InterfaceController.swift; sourceTree = "<group>"; };
		BFB2C32722F6DD65004E8493 /* ExtensionDelegate.swift */ = {isa = PBXFileReference; lastKnownFileType = sourcecode.swift; path = ExtensionDelegate.swift; sourceTree = "<group>"; };
		BFB2C32922F6DD66004E8493 /* Assets.xcassets */ = {isa = PBXFileReference; lastKnownFileType = folder.assetcatalog; path = Assets.xcassets; sourceTree = "<group>"; };
		BFB2C32B22F6DD66004E8493 /* Info.plist */ = {isa = PBXFileReference; lastKnownFileType = text.plist.xml; path = Info.plist; sourceTree = "<group>"; };
		BFB2C33922F6DD7C004E8493 /* ConnectivityHandler.swift */ = {isa = PBXFileReference; fileEncoding = 4; lastKnownFileType = sourcecode.swift; path = ConnectivityHandler.swift; sourceTree = "<group>"; };
/* End PBXFileReference section */

/* Begin PBXFrameworksBuildPhase section */
		BFB2C2FC22F6DD63004E8493 /* Frameworks */ = {
			isa = PBXFrameworksBuildPhase;
			buildActionMask = 2147483647;
			files = (
			);
			runOnlyForDeploymentPostprocessing = 0;
		};
		BFB2C31D22F6DD65004E8493 /* Frameworks */ = {
			isa = PBXFrameworksBuildPhase;
			buildActionMask = 2147483647;
			files = (
			);
			runOnlyForDeploymentPostprocessing = 0;
		};
/* End PBXFrameworksBuildPhase section */

/* Begin PBXGroup section */
		BFB2C2F622F6DD63004E8493 = {
			isa = PBXGroup;
			children = (
				BFB2C30122F6DD63004E8493 /* ConnectivityExample */,
				BFB2C31522F6DD64004E8493 /* ConnectivityExample WatchKit App */,
				BFB2C32422F6DD65004E8493 /* ConnectivityExample WatchKit Extension */,
				BFB2C30022F6DD63004E8493 /* Products */,
			);
			sourceTree = "<group>";
		};
		BFB2C30022F6DD63004E8493 /* Products */ = {
			isa = PBXGroup;
			children = (
				BFB2C2FF22F6DD63004E8493 /* ConnectivityExample.app */,
				BFB2C31122F6DD64004E8493 /* ConnectivityExample WatchKit App.app */,
				BFB2C32022F6DD65004E8493 /* ConnectivityExample WatchKit Extension.appex */,
			);
			name = Products;
			sourceTree = "<group>";
		};
		BFB2C30122F6DD63004E8493 /* ConnectivityExample */ = {
			isa = PBXGroup;
			children = (
				BFB2C30222F6DD63004E8493 /* AppDelegate.swift */,
				BFB2C30622F6DD63004E8493 /* Main.storyboard */,
				BFB2C30922F6DD64004E8493 /* Assets.xcassets */,
				BFB2C30B22F6DD64004E8493 /* LaunchScreen.storyboard */,
				BFB2C30E22F6DD64004E8493 /* Info.plist */,
				BFB2C30422F6DD63004E8493 /* MessagesViewController.swift */,
				BFB2C33922F6DD7C004E8493 /* ConnectivityHandler.swift */,
			);
			path = ConnectivityExample;
			sourceTree = "<group>";
		};
		BFB2C31522F6DD64004E8493 /* ConnectivityExample WatchKit App */ = {
			isa = PBXGroup;
			children = (
				BFB2C31622F6DD64004E8493 /* Interface.storyboard */,
				BFB2C31922F6DD65004E8493 /* Assets.xcassets */,
				BFB2C31B22F6DD65004E8493 /* Info.plist */,
			);
			path = "ConnectivityExample WatchKit App";
			sourceTree = "<group>";
		};
		BFB2C32422F6DD65004E8493 /* ConnectivityExample WatchKit Extension */ = {
			isa = PBXGroup;
			children = (
				BFB2C32522F6DD65004E8493 /* InterfaceController.swift */,
				BFB2C32722F6DD65004E8493 /* ExtensionDelegate.swift */,
				BFB2C32922F6DD66004E8493 /* Assets.xcassets */,
				BFB2C32B22F6DD66004E8493 /* Info.plist */,
			);
			path = "ConnectivityExample WatchKit Extension";
			sourceTree = "<group>";
		};
/* End PBXGroup section */

/* Begin PBXNativeTarget section */
		BFB2C2FE22F6DD63004E8493 /* ConnectivityExample */ = {
			isa = PBXNativeTarget;
			buildConfigurationList = BFB2C33622F6DD66004E8493 /* Build configuration list for PBXNativeTarget "ConnectivityExample" */;
			buildPhases = (
				BFB2C2FB22F6DD63004E8493 /* Sources */,
				BFB2C2FC22F6DD63004E8493 /* Frameworks */,
				BFB2C2FD22F6DD63004E8493 /* Resources */,
				BFB2C33522F6DD66004E8493 /* Embed Watch Content */,
			);
			buildRules = (
			);
			dependencies = (
				BFB2C31422F6DD64004E8493 /* PBXTargetDependency */,
			);
			name = ConnectivityExample;
			productName = ConnectivityExample;
			productReference = BFB2C2FF22F6DD63004E8493 /* ConnectivityExample.app */;
			productType = "com.apple.product-type.application";
		};
		BFB2C31022F6DD64004E8493 /* ConnectivityExample WatchKit App */ = {
			isa = PBXNativeTarget;
			buildConfigurationList = BFB2C33222F6DD66004E8493 /* Build configuration list for PBXNativeTarget "ConnectivityExample WatchKit App" */;
			buildPhases = (
				BFB2C30F22F6DD64004E8493 /* Resources */,
				BFB2C33122F6DD66004E8493 /* Embed App Extensions */,
			);
			buildRules = (
			);
			dependencies = (
				BFB2C32322F6DD65004E8493 /* PBXTargetDependency */,
			);
			name = "ConnectivityExample WatchKit App";
			productName = "ConnectivityExample WatchKit App";
			productReference = BFB2C31122F6DD64004E8493 /* ConnectivityExample WatchKit App.app */;
			productType = "com.apple.product-type.application.watchapp2";
		};
		BFB2C31F22F6DD65004E8493 /* ConnectivityExample WatchKit Extension */ = {
			isa = PBXNativeTarget;
			buildConfigurationList = BFB2C32E22F6DD66004E8493 /* Build configuration list for PBXNativeTarget "ConnectivityExample WatchKit Extension" */;
			buildPhases = (
				BFB2C31C22F6DD65004E8493 /* Sources */,
				BFB2C31D22F6DD65004E8493 /* Frameworks */,
				BFB2C31E22F6DD65004E8493 /* Resources */,
			);
			buildRules = (
			);
			dependencies = (
			);
			name = "ConnectivityExample WatchKit Extension";
			productName = "ConnectivityExample WatchKit Extension";
			productReference = BFB2C32022F6DD65004E8493 /* ConnectivityExample WatchKit Extension.appex */;
			productType = "com.apple.product-type.watchkit2-extension";
		};
/* End PBXNativeTarget section */

/* Begin PBXProject section */
		BFB2C2F722F6DD63004E8493 /* Project object */ = {
			isa = PBXProject;
			attributes = {
				LastSwiftUpdateCheck = 1030;
				LastUpgradeCheck = 1030;
				ORGANIZATIONNAME = "Ralf Ebert";
				TargetAttributes = {
					BFB2C2FE22F6DD63004E8493 = {
						CreatedOnToolsVersion = 10.3;
					};
					BFB2C31022F6DD64004E8493 = {
						CreatedOnToolsVersion = 10.3;
					};
					BFB2C31F22F6DD65004E8493 = {
						CreatedOnToolsVersion = 10.3;
					};
				};
			};
			buildConfigurationList = BFB2C2FA22F6DD63004E8493 /* Build configuration list for PBXProject "ConnectivityExample" */;
			compatibilityVersion = "Xcode 9.3";
			developmentRegion = en;
			hasScannedForEncodings = 0;
			knownRegions = (
				en,
				Base,
			);
			mainGroup = BFB2C2F622F6DD63004E8493;
			productRefGroup = BFB2C30022F6DD63004E8493 /* Products */;
			projectDirPath = "";
			projectRoot = "";
			targets = (
				BFB2C2FE22F6DD63004E8493 /* ConnectivityExample */,
				BFB2C31022F6DD64004E8493 /* ConnectivityExample WatchKit App */,
				BFB2C31F22F6DD65004E8493 /* ConnectivityExample WatchKit Extension */,
			);
		};
/* End PBXProject section */

/* Begin PBXResourcesBuildPhase section */
		BFB2C2FD22F6DD63004E8493 /* Resources */ = {
			isa = PBXResourcesBuildPhase;
			buildActionMask = 2147483647;
			files = (
				BFB2C30D22F6DD64004E8493 /* LaunchScreen.storyboard in Resources */,
				BFB2C30A22F6DD64004E8493 /* Assets.xcassets in Resources */,
				BFB2C30822F6DD63004E8493 /* Main.storyboard in Resources */,
			);
			runOnlyForDeploymentPostprocessing = 0;
		};
		BFB2C30F22F6DD64004E8493 /* Resources */ = {
			isa = PBXResourcesBuildPhase;
			buildActionMask = 2147483647;
			files = (
				BFB2C31A22F6DD65004E8493 /* Assets.xcassets in Resources */,
				BFB2C31822F6DD64004E8493 /* Interface.storyboard in Resources */,
			);
			runOnlyForDeploymentPostprocessing = 0;
		};
		BFB2C31E22F6DD65004E8493 /* Resources */ = {
			isa = PBXResourcesBuildPhase;
			buildActionMask = 2147483647;
			files = (
				BFB2C32A22F6DD66004E8493 /* Assets.xcassets in Resources */,
			);
			runOnlyForDeploymentPostprocessing = 0;
		};
/* End PBXResourcesBuildPhase section */

/* Begin PBXSourcesBuildPhase section */
		BFB2C2FB22F6DD63004E8493 /* Sources */ = {
			isa = PBXSourcesBuildPhase;
			buildActionMask = 2147483647;
			files = (
				BFB2C30522F6DD63004E8493 /* MessagesViewController.swift in Sources */,
				BFB2C33A22F6DD7C004E8493 /* ConnectivityHandler.swift in Sources */,
				BFB2C30322F6DD63004E8493 /* AppDelegate.swift in Sources */,
			);
			runOnlyForDeploymentPostprocessing = 0;
		};
		BFB2C31C22F6DD65004E8493 /* Sources */ = {
			isa = PBXSourcesBuildPhase;
			buildActionMask = 2147483647;
			files = (
				BFB2C32822F6DD65004E8493 /* ExtensionDelegate.swift in Sources */,
				BFB2C32622F6DD65004E8493 /* InterfaceController.swift in Sources */,
			);
			runOnlyForDeploymentPostprocessing = 0;
		};
/* End PBXSourcesBuildPhase section */

/* Begin PBXTargetDependency section */
		BFB2C31422F6DD64004E8493 /* PBXTargetDependency */ = {
			isa = PBXTargetDependency;
			target = BFB2C31022F6DD64004E8493 /* ConnectivityExample WatchKit App */;
			targetProxy = BFB2C31322F6DD64004E8493 /* PBXContainerItemProxy */;
		};
		BFB2C32322F6DD65004E8493 /* PBXTargetDependency */ = {
			isa = PBXTargetDependency;
			target = BFB2C31F22F6DD65004E8493 /* ConnectivityExample WatchKit Extension */;
			targetProxy = BFB2C32222F6DD65004E8493 /* PBXContainerItemProxy */;
		};
/* End PBXTargetDependency section */

/* Begin PBXVariantGroup section */
		BFB2C30622F6DD63004E8493 /* Main.storyboard */ = {
			isa = PBXVariantGroup;
			children = (
				BFB2C30722F6DD63004E8493 /* Base */,
			);
			name = Main.storyboard;
			sourceTree = "<group>";
		};
		BFB2C30B22F6DD64004E8493 /* LaunchScreen.storyboard */ = {
			isa = PBXVariantGroup;
			children = (
				BFB2C30C22F6DD64004E8493 /* Base */,
			);
			name = LaunchScreen.storyboard;
			sourceTree = "<group>";
		};
		BFB2C31622F6DD64004E8493 /* Interface.storyboard */ = {
			isa = PBXVariantGroup;
			children = (
				BFB2C31722F6DD64004E8493 /* Base */,
			);
			name = Interface.storyboard;
			sourceTree = "<group>";
		};
/* End PBXVariantGroup section */

/* Begin XCBuildConfiguration section */
		BFB2C32C22F6DD66004E8493 /* Debug */ = {
			isa = XCBuildConfiguration;
			buildSettings = {
				ALWAYS_SEARCH_USER_PATHS = NO;
				CLANG_ANALYZER_NONNULL = YES;
				CLANG_ANALYZER_NUMBER_OBJECT_CONVERSION = YES_AGGRESSIVE;
				CLANG_CXX_LANGUAGE_STANDARD = "gnu++14";
				CLANG_CXX_LIBRARY = "libc++";
				CLANG_ENABLE_MODULES = YES;
				CLANG_ENABLE_OBJC_ARC = YES;
				CLANG_ENABLE_OBJC_WEAK = YES;
				CLANG_WARN_BLOCK_CAPTURE_AUTORELEASING = YES;
				CLANG_WARN_BOOL_CONVERSION = YES;
				CLANG_WARN_COMMA = YES;
				CLANG_WARN_CONSTANT_CONVERSION = YES;
				CLANG_WARN_DEPRECATED_OBJC_IMPLEMENTATIONS = YES;
				CLANG_WARN_DIRECT_OBJC_ISA_USAGE = YES_ERROR;
				CLANG_WARN_DOCUMENTATION_COMMENTS = YES;
				CLANG_WARN_EMPTY_BODY = YES;
				CLANG_WARN_ENUM_CONVERSION = YES;
				CLANG_WARN_INFINITE_RECURSION = YES;
				CLANG_WARN_INT_CONVERSION = YES;
				CLANG_WARN_NON_LITERAL_NULL_CONVERSION = YES;
				CLANG_WARN_OBJC_IMPLICIT_RETAIN_SELF = YES;
				CLANG_WARN_OBJC_LITERAL_CONVERSION = YES;
				CLANG_WARN_OBJC_ROOT_CLASS = YES_ERROR;
				CLANG_WARN_RANGE_LOOP_ANALYSIS = YES;
				CLANG_WARN_STRICT_PROTOTYPES = YES;
				CLANG_WARN_SUSPICIOUS_MOVE = YES;
				CLANG_WARN_UNGUARDED_AVAILABILITY = YES_AGGRESSIVE;
				CLANG_WARN_UNREACHABLE_CODE = YES;
				CLANG_WARN__DUPLICATE_METHOD_MATCH = YES;
				CODE_SIGN_IDENTITY = "iPhone Developer";
				COPY_PHASE_STRIP = NO;
				DEBUG_INFORMATION_FORMAT = dwarf;
				ENABLE_STRICT_OBJC_MSGSEND = YES;
				ENABLE_TESTABILITY = YES;
				GCC_C_LANGUAGE_STANDARD = gnu11;
				GCC_DYNAMIC_NO_PIC = NO;
				GCC_NO_COMMON_BLOCKS = YES;
				GCC_OPTIMIZATION_LEVEL = 0;
				GCC_PREPROCESSOR_DEFINITIONS = (
					"DEBUG=1",
					"$(inherited)",
				);
				GCC_WARN_64_TO_32_BIT_CONVERSION = YES;
				GCC_WARN_ABOUT_RETURN_TYPE = YES_ERROR;
				GCC_WARN_UNDECLARED_SELECTOR = YES;
				GCC_WARN_UNINITIALIZED_AUTOS = YES_AGGRESSIVE;
				GCC_WARN_UNUSED_FUNCTION = YES;
				GCC_WARN_UNUSED_VARIABLE = YES;
				IPHONEOS_DEPLOYMENT_TARGET = 11.0;
				MTL_ENABLE_DEBUG_INFO = INCLUDE_SOURCE;
				MTL_FAST_MATH = YES;
				ONLY_ACTIVE_ARCH = YES;
				SDKROOT = iphoneos;
				SWIFT_ACTIVE_COMPILATION_CONDITIONS = DEBUG;
				SWIFT_OPTIMIZATION_LEVEL = "-Onone";
			};
			name = Debug;
		};
		BFB2C32D22F6DD66004E8493 /* Release */ = {
			isa = XCBuildConfiguration;
			buildSettings = {
				ALWAYS_SEARCH_USER_PATHS = NO;
				CLANG_ANALYZER_NONNULL = YES;
				CLANG_ANALYZER_NUMBER_OBJECT_CONVERSION = YES_AGGRESSIVE;
				CLANG_CXX_LANGUAGE_STANDARD = "gnu++14";
				CLANG_CXX_LIBRARY = "libc++";
				CLANG_ENABLE_MODULES = YES;
				CLANG_ENABLE_OBJC_ARC = YES;
				CLANG_ENABLE_OBJC_WEAK = YES;
				CLANG_WARN_BLOCK_CAPTURE_AUTORELEASING = YES;
				CLANG_WARN_BOOL_CONVERSION = YES;
				CLANG_WARN_COMMA = YES;
				CLANG_WARN_CONSTANT_CONVERSION = YES;
				CLANG_WARN_DEPRECATED_OBJC_IMPLEMENTATIONS = YES;
				CLANG_WARN_DIRECT_OBJC_ISA_USAGE = YES_ERROR;
				CLANG_WARN_DOCUMENTATION_COMMENTS = YES;
				CLANG_WARN_EMPTY_BODY = YES;
				CLANG_WARN_ENUM_CONVERSION = YES;
				CLANG_WARN_INFINITE_RECURSION = YES;
				CLANG_WARN_INT_CONVERSION = YES;
				CLANG_WARN_NON_LITERAL_NULL_CONVERSION = YES;
				CLANG_WARN_OBJC_IMPLICIT_RETAIN_SELF = YES;
				CLANG_WARN_OBJC_LITERAL_CONVERSION = YES;
				CLANG_WARN_OBJC_ROOT_CLASS = YES_ERROR;
				CLANG_WARN_RANGE_LOOP_ANALYSIS = YES;
				CLANG_WARN_STRICT_PROTOTYPES = YES;
				CLANG_WARN_SUSPICIOUS_MOVE = YES;
				CLANG_WARN_UNGUARDED_AVAILABILITY = YES_AGGRESSIVE;
				CLANG_WARN_UNREACHABLE_CODE = YES;
				CLANG_WARN__DUPLICATE_METHOD_MATCH = YES;
				CODE_SIGN_IDENTITY = "iPhone Developer";
				COPY_PHASE_STRIP = NO;
				DEBUG_INFORMATION_FORMAT = "dwarf-with-dsym";
				ENABLE_NS_ASSERTIONS = NO;
				ENABLE_STRICT_OBJC_MSGSEND = YES;
				GCC_C_LANGUAGE_STANDARD = gnu11;
				GCC_NO_COMMON_BLOCKS = YES;
				GCC_WARN_64_TO_32_BIT_CONVERSION = YES;
				GCC_WARN_ABOUT_RETURN_TYPE = YES_ERROR;
				GCC_WARN_UNDECLARED_SELECTOR = YES;
				GCC_WARN_UNINITIALIZED_AUTOS = YES_AGGRESSIVE;
				GCC_WARN_UNUSED_FUNCTION = YES;
				GCC_WARN_UNUSED_VARIABLE = YES;
				IPHONEOS_DEPLOYMENT_TARGET = 11.0;
				MTL_ENABLE_DEBUG_INFO = NO;
				MTL_FAST_MATH = YES;
				SDKROOT = iphoneos;
				SWIFT_COMPILATION_MODE = wholemodule;
				SWIFT_OPTIMIZATION_LEVEL = "-O";
				VALIDATE_PRODUCT = YES;
			};
			name = Release;
		};
		BFB2C32F22F6DD66004E8493 /* Debug */ = {
			isa = XCBuildConfiguration;
			buildSettings = {
				ASSETCATALOG_COMPILER_COMPLICATION_NAME = Complication;
				CODE_SIGN_STYLE = Automatic;
				INFOPLIST_FILE = "ConnectivityExample WatchKit Extension/Info.plist";
				LD_RUNPATH_SEARCH_PATHS = (
					"$(inherited)",
					"@executable_path/Frameworks",
					"@executable_path/../../Frameworks",
				);
				PRODUCT_BUNDLE_IDENTIFIER = com.example.ConnectivityExample.watchkitapp.watchkitextension;
				PRODUCT_NAME = "${TARGET_NAME}";
				SDKROOT = watchos;
				SKIP_INSTALL = YES;
				SWIFT_VERSION = 5.0;
				TARGETED_DEVICE_FAMILY = 4;
				WATCHOS_DEPLOYMENT_TARGET = 4.0;
			};
			name = Debug;
		};
		BFB2C33022F6DD66004E8493 /* Release */ = {
			isa = XCBuildConfiguration;
			buildSettings = {
				ASSETCATALOG_COMPILER_COMPLICATION_NAME = Complication;
				CODE_SIGN_STYLE = Automatic;
				INFOPLIST_FILE = "ConnectivityExample WatchKit Extension/Info.plist";
				LD_RUNPATH_SEARCH_PATHS = (
					"$(inherited)",
					"@executable_path/Frameworks",
					"@executable_path/../../Frameworks",
				);
				PRODUCT_BUNDLE_IDENTIFIER = com.example.ConnectivityExample.watchkitapp.watchkitextension;
				PRODUCT_NAME = "${TARGET_NAME}";
				SDKROOT = watchos;
				SKIP_INSTALL = YES;
				SWIFT_VERSION = 5.0;
				TARGETED_DEVICE_FAMILY = 4;
				WATCHOS_DEPLOYMENT_TARGET = 4.0;
			};
			name = Release;
		};
		BFB2C33322F6DD66004E8493 /* Debug */ = {
			isa = XCBuildConfiguration;
			buildSettings = {
				ALWAYS_EMBED_SWIFT_STANDARD_LIBRARIES = YES;
				ASSETCATALOG_COMPILER_APPICON_NAME = AppIcon;
				CODE_SIGN_STYLE = Automatic;
				IBSC_MODULE = ConnectivityExample_WatchKit_Extension;
				INFOPLIST_FILE = "ConnectivityExample WatchKit App/Info.plist";
				PRODUCT_BUNDLE_IDENTIFIER = com.example.ConnectivityExample.watchkitapp;
				PRODUCT_NAME = "$(TARGET_NAME)";
				SDKROOT = watchos;
				SKIP_INSTALL = YES;
				SWIFT_VERSION = 5.0;
				TARGETED_DEVICE_FAMILY = 4;
				WATCHOS_DEPLOYMENT_TARGET = 5.3;
			};
			name = Debug;
		};
		BFB2C33422F6DD66004E8493 /* Release */ = {
			isa = XCBuildConfiguration;
			buildSettings = {
				ALWAYS_EMBED_SWIFT_STANDARD_LIBRARIES = YES;
				ASSETCATALOG_COMPILER_APPICON_NAME = AppIcon;
				CODE_SIGN_STYLE = Automatic;
				IBSC_MODULE = ConnectivityExample_WatchKit_Extension;
				INFOPLIST_FILE = "ConnectivityExample WatchKit App/Info.plist";
				PRODUCT_BUNDLE_IDENTIFIER = com.example.ConnectivityExample.watchkitapp;
				PRODUCT_NAME = "$(TARGET_NAME)";
				SDKROOT = watchos;
				SKIP_INSTALL = YES;
				SWIFT_VERSION = 5.0;
				TARGETED_DEVICE_FAMILY = 4;
				WATCHOS_DEPLOYMENT_TARGET = 5.3;
			};
			name = Release;
		};
		BFB2C33722F6DD66004E8493 /* Debug */ = {
			isa = XCBuildConfiguration;
			buildSettings = {
				ASSETCATALOG_COMPILER_APPICON_NAME = AppIcon;
				CODE_SIGN_STYLE = Automatic;
				INFOPLIST_FILE = ConnectivityExample/Info.plist;
				LD_RUNPATH_SEARCH_PATHS = (
					"$(inherited)",
					"@executable_path/Frameworks",
				);
				PRODUCT_BUNDLE_IDENTIFIER = com.example.ConnectivityExample;
				PRODUCT_NAME = "$(TARGET_NAME)";
				SWIFT_VERSION = 5.0;
				TARGETED_DEVICE_FAMILY = "1,2";
			};
			name = Debug;
		};
		BFB2C33822F6DD66004E8493 /* Release */ = {
			isa = XCBuildConfiguration;
			buildSettings = {
				ASSETCATALOG_COMPILER_APPICON_NAME = AppIcon;
				CODE_SIGN_STYLE = Automatic;
				INFOPLIST_FILE = ConnectivityExample/Info.plist;
				LD_RUNPATH_SEARCH_PATHS = (
					"$(inherited)",
					"@executable_path/Frameworks",
				);
				PRODUCT_BUNDLE_IDENTIFIER = com.example.ConnectivityExample;
				PRODUCT_NAME = "$(TARGET_NAME)";
				SWIFT_VERSION = 5.0;
				TARGETED_DEVICE_FAMILY = "1,2";
			};
			name = Release;
		};
/* End XCBuildConfiguration section */

/* Begin XCConfigurationList section */
		BFB2C2FA22F6DD63004E8493 /* Build configuration list for PBXProject "ConnectivityExample" */ = {
			isa = XCConfigurationList;
			buildConfigurations = (
				BFB2C32C22F6DD66004E8493 /* Debug */,
				BFB2C32D22F6DD66004E8493 /* Release */,
			);
			defaultConfigurationIsVisible = 0;
			defaultConfigurationName = Release;
		};
		BFB2C32E22F6DD66004E8493 /* Build configuration list for PBXNativeTarget "ConnectivityExample WatchKit Extension" */ = {
			isa = XCConfigurationList;
			buildConfigurations = (
				BFB2C32F22F6DD66004E8493 /* Debug */,
				BFB2C33022F6DD66004E8493 /* Release */,
			);
			defaultConfigurationIsVisible = 0;
			defaultConfigurationName = Release;
		};
		BFB2C33222F6DD66004E8493 /* Build configuration list for PBXNativeTarget "ConnectivityExample WatchKit App" */ = {
			isa = XCConfigurationList;
			buildConfigurations = (
				BFB2C33322F6DD66004E8493 /* Debug */,
				BFB2C33422F6DD66004E8493 /* Release */,
			);
			defaultConfigurationIsVisible = 0;
			defaultConfigurationName = Release;
		};
		BFB2C33622F6DD66004E8493 /* Build configuration list for PBXNativeTarget "ConnectivityExample" */ = {
			isa = XCConfigurationList;
			buildConfigurations = (
				BFB2C33722F6DD66004E8493 /* Debug */,
				BFB2C33822F6DD66004E8493 /* Release */,
			);
			defaultConfigurationIsVisible = 0;
			defaultConfigurationName = Release;
		};
/* End XCConfigurationList section */
	};
	rootObject = BFB2C2F722F6DD63004E8493 /* Project object */;
}
